
Microsoft Visual Studio Solution File, Format Version 12.00
# Visual Studio Version 17
VisualStudioVersion = 17.14.36202.13 d17.14
MinimumVisualStudioVersion = 10.0.40219.1
Project("{FAE04EC0-301F-11D3-BF4B-00C04F79EFBC}") = "VehecleApp", "VehecleApp\VehecleApp.csproj", "{F9A006D1-9D65-45EF-933C-AC3845E34225}"
EndProject
Global
	GlobalSection(SolutionConfigurationPlatforms) = preSolution
		Debug|Any CPU = Debug|Any CPU
		Release|Any CPU = Release|Any CPU
	EndGlobalSection
	GlobalSection(ProjectConfigurationPlatforms) = postSolution
		{F9A006D1-9D65-45EF-933C-AC3845E34225}.Debug|Any CPU.ActiveCfg = Debug|Any CPU
		{F9A006D1-9D65-45EF-933C-AC3845E34225}.Debug|Any CPU.Build.0 = Debug|Any CPU
		{F9A006D1-9D65-45EF-933C-AC3845E34225}.Release|Any CPU.ActiveCfg = Release|Any CPU
		{F9A006D1-9D65-45EF-933C-AC3845E34225}.Release|Any CPU.Build.0 = Release|Any CPU
	EndGlobalSection
	GlobalSection(SolutionProperties) = preSolution
		HideSolutionNode = FALSE
	EndGlobalSection
	GlobalSection(ExtensibilityGlobals) = postSolution
		SolutionGuid = {0E576BC6-3647-472F-9F5B-860E85AE7EC8}
	EndGlobalSection
EndGlobal
